
Microsoft Visual Studio Solution File, Format Version 12.00
# Visual Studio Version 17
VisualStudioVersion = 17.5.33516.290
MinimumVisualStudioVersion = 10.0.40219.1
Project("{9A19103F-16F7-4668-BE54-9A1E7A4F7556}") = "HUTECHClassroom.API", "HUTECHClassroom.API\HUTECHClassroom.API.csproj", "{1C641DC2-062B-4695-82BB-94D91AF933D7}"
EndProject
Project("{9A19103F-16F7-4668-BE54-9A1E7A4F7556}") = "HUTECHClassroom.Application", "HUTECHClassroom.Application\HUTECHClassroom.Application.csproj", "{CCF3EF2C-9C78-4458-8ACF-0900F1A5C287}"
EndProject
Project("{9A19103F-16F7-4668-BE54-9A1E7A4F7556}") = "HUTECHClassroom.Domain", "HUTECHClassroom.Domain\HUTECHClassroom.Domain.csproj", "{859E9EA2-CAAD-470B-BA71-747A0FD1A2AB}"
EndProject
Project("{9A19103F-16F7-4668-BE54-9A1E7A4F7556}") = "HUTECHClassroom.Infrastructure", "HUTECHClassroom.Infrastructure\HUTECHClassroom.Infrastructure.csproj", "{8D33EF41-E080-4BE9-9C9E-A3312A687B9A}"
EndProject
Project("{9A19103F-16F7-4668-BE54-9A1E7A4F7556}") = "HUTECHClassroom.Web", "HUTECHClassroom.Web\HUTECHClassroom.Web.csproj", "{B2B735DB-DB6F-47CB-98C0-149D4F9EF1CD}"
EndProject
Project("{9A19103F-16F7-4668-BE54-9A1E7A4F7556}") = "HUTECHClassroom.Persistence", "HUTECHClassroom.Persistence\HUTECHClassroom.Persistence.csproj", "{F1A64575-A78F-4C97-9E64-058BD69E3941}"
EndProject
Global
	GlobalSection(SolutionConfigurationPlatforms) = preSolution
		Debug|Any CPU = Debug|Any CPU
		Release|Any CPU = Release|Any CPU
	EndGlobalSection
	GlobalSection(ProjectConfigurationPlatforms) = postSolution
		{1C641DC2-062B-4695-82BB-94D91AF933D7}.Debug|Any CPU.ActiveCfg = Debug|Any CPU
		{1C641DC2-062B-4695-82BB-94D91AF933D7}.Debug|Any CPU.Build.0 = Debug|Any CPU
		{1C641DC2-062B-4695-82BB-94D91AF933D7}.Release|Any CPU.ActiveCfg = Release|Any CPU
		{1C641DC2-062B-4695-82BB-94D91AF933D7}.Release|Any CPU.Build.0 = Release|Any CPU
		{CCF3EF2C-9C78-4458-8ACF-0900F1A5C287}.Debug|Any CPU.ActiveCfg = Debug|Any CPU
		{CCF3EF2C-9C78-4458-8ACF-0900F1A5C287}.Debug|Any CPU.Build.0 = Debug|Any CPU
		{CCF3EF2C-9C78-4458-8ACF-0900F1A5C287}.Release|Any CPU.ActiveCfg = Release|Any CPU
		{CCF3EF2C-9C78-4458-8ACF-0900F1A5C287}.Release|Any CPU.Build.0 = Release|Any CPU
		{859E9EA2-CAAD-470B-BA71-747A0FD1A2AB}.Debug|Any CPU.ActiveCfg = Debug|Any CPU
		{859E9EA2-CAAD-470B-BA71-747A0FD1A2AB}.Debug|Any CPU.Build.0 = Debug|Any CPU
		{859E9EA2-CAAD-470B-BA71-747A0FD1A2AB}.Release|Any CPU.ActiveCfg = Release|Any CPU
		{859E9EA2-CAAD-470B-BA71-747A0FD1A2AB}.Release|Any CPU.Build.0 = Release|Any CPU
		{8D33EF41-E080-4BE9-9C9E-A3312A687B9A}.Debug|Any CPU.ActiveCfg = Debug|Any CPU
		{8D33EF41-E080-4BE9-9C9E-A3312A687B9A}.Debug|Any CPU.Build.0 = Debug|Any CPU
		{8D33EF41-E080-4BE9-9C9E-A3312A687B9A}.Release|Any CPU.ActiveCfg = Release|Any CPU
		{8D33EF41-E080-4BE9-9C9E-A3312A687B9A}.Release|Any CPU.Build.0 = Release|Any CPU
		{B2B735DB-DB6F-47CB-98C0-149D4F9EF1CD}.Debug|Any CPU.ActiveCfg = Debug|Any CPU
		{B2B735DB-DB6F-47CB-98C0-149D4F9EF1CD}.Debug|Any CPU.Build.0 = Debug|Any CPU
		{B2B735DB-DB6F-47CB-98C0-149D4F9EF1CD}.Release|Any CPU.ActiveCfg = Release|Any CPU
		{B2B735DB-DB6F-47CB-98C0-149D4F9EF1CD}.Release|Any CPU.Build.0 = Release|Any CPU
		{F1A64575-A78F-4C97-9E64-058BD69E3941}.Debug|Any CPU.ActiveCfg = Debug|Any CPU
		{F1A64575-A78F-4C97-9E64-058BD69E3941}.Debug|Any CPU.Build.0 = Debug|Any CPU
		{F1A64575-A78F-4C97-9E64-058BD69E3941}.Release|Any CPU.ActiveCfg = Release|Any CPU
		{F1A64575-A78F-4C97-9E64-058BD69E3941}.Release|Any CPU.Build.0 = Release|Any CPU
	EndGlobalSection
	GlobalSection(SolutionProperties) = preSolution
		HideSolutionNode = FALSE
	EndGlobalSection
	GlobalSection(ExtensibilityGlobals) = postSolution
		SolutionGuid = {0120800D-B0E5-46AC-AABB-C45D11D92FB4}
	EndGlobalSection
EndGlobal
